{
  "nodes": {
    "home-manager": {
      "inputs": {
        "nixpkgs": [
          "nixpkgs"
        ]
      },
      "locked": {
        "lastModified": 1789268545,
        "narHash": "sha256-DbVdtfORUtJiAkJLPdDRfbzH0vZGifKpoAsL784AQMY=",
        "owner": "nix-community",
        "repo": "home-manager",
        "rev": "02618d94f88e0137c242264ff24edc5cd5b5d911",
        "type": "github"
      },
      "original": {
        "owner": "nix-community",
        "repo": "home-manager",
        "type": "github"
      }
    },
    "mactahoe-src": {
      "flake": false,
      "locked": {
        "lastModified": 1789030862,
        "narHash": "sha256-NAahlBOYub0QlqkYStamoCbyWh+H5JG/iFm4Ws9EU3A=",
        "owner": "vinceliuice",
        "repo": "MacTahoe-icon-theme",
        "rev": "839848b9a8a38a92a6936e30c4abe35cc6f2546d",
        "type": "github"
      },
      "original": {
        "owner": "vinceliuice",
        "repo": "MacTahoe-icon-theme",
        "type": "github"
      }
    },
    "nixpkgs": {
      "locked": {
        "lastModified": 1789149629,
        "narHash": "sha256-H6GwaZzZf+4npqv0tph94w9tZddSjFjmQrVsW0z78uk=",
        "owner": "nixos",
        "repo": "nixpkgs",
        "rev": "eaad089433ca2bb662274377d33df3d0e51ef28b",
        "type": "github"
      },
      "original": {
        "owner": "nixos",
        "ref": "nixos-unstable",
        "repo": "nixpkgs",
        "type": "github"
      }
    },
    "openlogi": {
      "inputs": {
        "nixpkgs": [
          "nixpkgs"
        ],
        "rust-overlay": "rust-overlay"
      },
      "locked": {
        "lastModified": 1789017850,
        "narHash": "sha256-S6fz3jAJWT6M6+rYbk8A/AMg6bXG4lpjH+tU3vT1qR8=",
        "owner": "AprilNEA",
        "repo": "OpenLogi",
        "rev": "e846e6f4b4405e33bd6a9aaf949a482ce34cb6d8",
        "type": "github"
      },
      "original": {
        "owner": "AprilNEA",
        "repo": "OpenLogi",
        "type": "github"
      }
    },
    "root": {
      "inputs": {
        "home-manager": "home-manager",
        "mactahoe-src": "mactahoe-src",
        "nixpkgs": "nixpkgs",
        "openlogi": "openlogi"
      }
    },
    "rust-overlay": {
      "inputs": {
        "nixpkgs": [
          "openlogi",
          "nixpkgs"
        ]
      },
      "locked": {
        "lastModified": 1787246814,
        "narHash": "sha256-pEd4/iPY3Zm/EhhHmeB1QnIWXJSLx7gJzD/05mm2MCo=",
        "owner": "oxalica",
        "repo": "rust-overlay",
        "rev": "c84e121aaede7ef8c7bd9fb5154ccc1599e07816",
        "type": "github"
      },
      "original": {
        "owner": "oxalica",
        "repo": "rust-overlay",
        "type": "github"
      }
    }
  },
  "root": "root",
  "version": 7
}
